
Microsoft Visual Studio Solution File, Format Version 12.00
# Visual Studio 2013
VisualStudioVersion = 12.0.40629.0
MinimumVisualStudioVersion = 10.0.40219.1
Project("{FAE04EC0-301F-11D3-BF4B-00C04F79EFBC}") = "ExternalSorter", "ExternalSorter\ExternalSorter.csproj", "{2183C918-C58F-41F6-969B-869F216C441D}"
EndProject
Project("{FAE04EC0-301F-11D3-BF4B-00C04F79EFBC}") = "Utils", "..\Utils\Utils.csproj", "{464F0CCF-EEB9-45D0-B96F-D0AAD3D86A53}"
EndProject
Project("{FAE04EC0-301F-11D3-BF4B-00C04F79EFBC}") = "ExternalSortRunner", "ExternalSortRunner\ExternalSortRunner.csproj", "{78A22A14-A931-4083-B691-130C9C353A9D}"
EndProject
Global
	GlobalSection(SolutionConfigurationPlatforms) = preSolution
		Debug|x64 = Debug|x64
		Release|x64 = Release|x64
	EndGlobalSection
	GlobalSection(ProjectConfigurationPlatforms) = postSolution
		{2183C918-C58F-41F6-969B-869F216C441D}.Debug|x64.ActiveCfg = Debug|x64
		{2183C918-C58F-41F6-969B-869F216C441D}.Debug|x64.Build.0 = Debug|x64
		{2183C918-C58F-41F6-969B-869F216C441D}.Release|x64.ActiveCfg = Release|x64
		{2183C918-C58F-41F6-969B-869F216C441D}.Release|x64.Build.0 = Release|x64
		{464F0CCF-EEB9-45D0-B96F-D0AAD3D86A53}.Debug|x64.ActiveCfg = Debug|x64
		{464F0CCF-EEB9-45D0-B96F-D0AAD3D86A53}.Debug|x64.Build.0 = Debug|x64
		{464F0CCF-EEB9-45D0-B96F-D0AAD3D86A53}.Release|x64.ActiveCfg = Release|x64
		{464F0CCF-EEB9-45D0-B96F-D0AAD3D86A53}.Release|x64.Build.0 = Release|x64
		{78A22A14-A931-4083-B691-130C9C353A9D}.Debug|x64.ActiveCfg = Debug|x64
		{78A22A14-A931-4083-B691-130C9C353A9D}.Debug|x64.Build.0 = Debug|x64
		{78A22A14-A931-4083-B691-130C9C353A9D}.Release|x64.ActiveCfg = Release|x64
		{78A22A14-A931-4083-B691-130C9C353A9D}.Release|x64.Build.0 = Release|x64
	EndGlobalSection
	GlobalSection(SolutionProperties) = preSolution
		HideSolutionNode = FALSE
	EndGlobalSection
EndGlobal
